
	EndGlobalSection
	GlobalSection(ProjectConfigurationPlatforms) = postSolution
		{C0D01ACA-1AF5-46DE-88AA-A900D62AFAFF}.Debug|x86.ActiveCfg = Debug|x86
		{C0D01ACA-1AF5-46DE-88AA-A900D62AFAFF}.Debug|x86.Build.0 = Debug|x86
		{C0D01ACA-1AF5-46DE-88AA-A900D62AFAFF}.Release|x86.ActiveCfg = Release|x86
		{C0D01ACA-1AF5-46DE-88AA-A900D62AFAFF}.Release|x86.Build.0 = Release|x86
	EndGlobalSection
	GlobalSection(SolutionProperties) = preSolution
		HideSolutionNode = FALSE
	EndGlobalSection
EndGlobal
